
Microsoft Visual Studio Solution File, Format Version 12.00
# Visual Studio Version 16
VisualStudioVersion = 16.0.31112.23
MinimumVisualStudioVersion = 10.0.40219.1
Project("{9A19103F-16F7-4668-BE54-9A1E7A4F7556}") = "TrainApp.API", "TrainApp.API\TrainApp.API.csproj", "{46574BB0-703B-4F49-93D0-B5A0929FEF87}"
	ProjectSection(ProjectDependencies) = postProject
		{87D97F83-D11B-4940-B769-B045F2AEDE84} = {87D97F83-D11B-4940-B769-B045F2AEDE84}
	EndProjectSection
EndProject
Project("{9A19103F-16F7-4668-BE54-9A1E7A4F7556}") = "TrainApp.Core", "TrainApp.Core\TrainApp.Core.csproj", "{87D97F83-D11B-4940-B769-B045F2AEDE84}"
	ProjectSection(ProjectDependencies) = postProject
		{D2BB1CFC-833C-45E4-821F-E9BCB732ED5A} = {D2BB1CFC-833C-45E4-821F-E9BCB732ED5A}
	EndProjectSection
EndProject
Project("{9A19103F-16F7-4668-BE54-9A1E7A4F7556}") = "TrainApp.Data", "TrainApp.Data\TrainApp.Data.csproj", "{D2BB1CFC-833C-45E4-821F-E9BCB732ED5A}"
EndProject
Project("{9A19103F-16F7-4668-BE54-9A1E7A4F7556}") = "TrainApp.Tests", "TrainApp.Tests\TrainApp.Tests.csproj", "{A31406AE-423F-41F2-A216-B5A24C0AA54A}"
	ProjectSection(ProjectDependencies) = postProject
		{87D97F83-D11B-4940-B769-B045F2AEDE84} = {87D97F83-D11B-4940-B769-B045F2AEDE84}
		{46574BB0-703B-4F49-93D0-B5A0929FEF87} = {46574BB0-703B-4F49-93D0-B5A0929FEF87}
		{D2BB1CFC-833C-45E4-821F-E9BCB732ED5A} = {D2BB1CFC-833C-45E4-821F-E9BCB732ED5A}
	EndProjectSection
EndProject
Global
	GlobalSection(SolutionConfigurationPlatforms) = preSolution
		Debug|Any CPU = Debug|Any CPU
		Release|Any CPU = Release|Any CPU
	EndGlobalSection
	GlobalSection(ProjectConfigurationPlatforms) = postSolution
		{46574BB0-703B-4F49-93D0-B5A0929FEF87}.Debug|Any CPU.ActiveCfg = Debug|Any CPU
		{46574BB0-703B-4F49-93D0-B5A0929FEF87}.Debug|Any CPU.Build.0 = Debug|Any CPU
		{46574BB0-703B-4F49-93D0-B5A0929FEF87}.Release|Any CPU.ActiveCfg = Release|Any CPU
		{46574BB0-703B-4F49-93D0-B5A0929FEF87}.Release|Any CPU.Build.0 = Release|Any CPU
		{87D97F83-D11B-4940-B769-B045F2AEDE84}.Debug|Any CPU.ActiveCfg = Debug|Any CPU
		{87D97F83-D11B-4940-B769-B045F2AEDE84}.Debug|Any CPU.Build.0 = Debug|Any CPU
		{87D97F83-D11B-4940-B769-B045F2AEDE84}.Release|Any CPU.ActiveCfg = Release|Any CPU
		{87D97F83-D11B-4940-B769-B045F2AEDE84}.Release|Any CPU.Build.0 = Release|Any CPU
		{D2BB1CFC-833C-45E4-821F-E9BCB732ED5A}.Debug|Any CPU.ActiveCfg = Debug|Any CPU
		{D2BB1CFC-833C-45E4-821F-E9BCB732ED5A}.Debug|Any CPU.Build.0 = Debug|Any CPU
		{D2BB1CFC-833C-45E4-821F-E9BCB732ED5A}.Release|Any CPU.ActiveCfg = Release|Any CPU
		{D2BB1CFC-833C-45E4-821F-E9BCB732ED5A}.Release|Any CPU.Build.0 = Release|Any CPU
		{A31406AE-423F-41F2-A216-B5A24C0AA54A}.Debug|Any CPU.ActiveCfg = Debug|Any CPU
		{A31406AE-423F-41F2-A216-B5A24C0AA54A}.Debug|Any CPU.Build.0 = Debug|Any CPU
		{A31406AE-423F-41F2-A216-B5A24C0AA54A}.Release|Any CPU.ActiveCfg = Release|Any CPU
		{A31406AE-423F-41F2-A216-B5A24C0AA54A}.Release|Any CPU.Build.0 = Release|Any CPU
	EndGlobalSection
	GlobalSection(SolutionProperties) = preSolution
		HideSolutionNode = FALSE
	EndGlobalSection
	GlobalSection(ExtensibilityGlobals) = postSolution
		SolutionGuid = {2D432524-0F6E-4C2C-87A8-BF78EF1339C2}
	EndGlobalSection
EndGlobal
